
Microsoft Visual Studio Solution File, Format Version 12.00
# Visual Studio Version 16
VisualStudioVersion = 16.0.29215.179
MinimumVisualStudioVersion = 10.0.40219.1
Project("{FAE04EC0-301F-11D3-BF4B-00C04F79EFBC}") = "ConsoleApplication5", "ConsoleApplication5.csproj", "{ED5A2F39-3D4D-4FF8-B163-33B67A9FCDAC}"
EndProject
Global
	GlobalSection(SolutionConfigurationPlatforms) = preSolution
		Debug|Any CPU = Debug|Any CPU
		Release|Any CPU = Release|Any CPU
	EndGlobalSection
	GlobalSection(ProjectConfigurationPlatforms) = postSolution
		{ED5A2F39-3D4D-4FF8-B163-33B67A9FCDAC}.Debug|Any CPU.ActiveCfg = Debug|Any CPU
		{ED5A2F39-3D4D-4FF8-B163-33B67A9FCDAC}.Debug|Any CPU.Build.0 = Debug|Any CPU
		{ED5A2F39-3D4D-4FF8-B163-33B67A9FCDAC}.Release|Any CPU.ActiveCfg = Release|Any CPU
		{ED5A2F39-3D4D-4FF8-B163-33B67A9FCDAC}.Release|Any CPU.Build.0 = Release|Any CPU
	EndGlobalSection
	GlobalSection(SolutionProperties) = preSolution
		HideSolutionNode = FALSE
	EndGlobalSection
	GlobalSection(ExtensibilityGlobals) = postSolution
		SolutionGuid = {CCC481EF-1738-4508-B4C1-E2CE0CC9266E}
	EndGlobalSection
EndGlobal
